
Microsoft Visual Studio Solution File, Format Version 12.00
# Visual Studio 15
VisualStudioVersion = 15.0.28307.489
MinimumVisualStudioVersion = 10.0.40219.1
Project("{FAE04EC0-301F-11D3-BF4B-00C04F79EFBC}") = "Shopping_Bonsai_Online", "Shopping_Bonsai_Online\Shopping_Bonsai_Online.csproj", "{42838263-CEFC-4C52-9D4E-3585A3A25D28}"
EndProject
Global
	GlobalSection(SolutionConfigurationPlatforms) = preSolution
		Debug|Any CPU = Debug|Any CPU
		Release|Any CPU = Release|Any CPU
	EndGlobalSection
	GlobalSection(ProjectConfigurationPlatforms) = postSolution
		{42838263-CEFC-4C52-9D4E-3585A3A25D28}.Debug|Any CPU.ActiveCfg = Debug|Any CPU
		{42838263-CEFC-4C52-9D4E-3585A3A25D28}.Debug|Any CPU.Build.0 = Debug|Any CPU
		{42838263-CEFC-4C52-9D4E-3585A3A25D28}.Release|Any CPU.ActiveCfg = Release|Any CPU
		{42838263-CEFC-4C52-9D4E-3585A3A25D28}.Release|Any CPU.Build.0 = Release|Any CPU
	EndGlobalSection
	GlobalSection(SolutionProperties) = preSolution
		HideSolutionNode = FALSE
	EndGlobalSection
	GlobalSection(ExtensibilityGlobals) = postSolution
		SolutionGuid = {ED631FF7-4363-4485-A53C-E3EDF8E9E565}
	EndGlobalSection
EndGlobal
